
Microsoft Visual Studio Solution File, Format Version 12.00
# Visual Studio 14
VisualStudioVersion = 14.0.23107.0
MinimumVisualStudioVersion = 10.0.40219.1
Project("{FAE04EC0-301F-11D3-BF4B-00C04F79EFBC}") = "ConfluxDealers.Models", "ConfluxDealers.Models\ConfluxDealers.Models.csproj", "{E3E58160-EDAA-44B2-8EA1-4D851AF10967}"
EndProject
Project("{FAE04EC0-301F-11D3-BF4B-00C04F79EFBC}") = "ConfluxDealer.Data", "ConfluxDealer.Data\ConfluxDealer.Data.csproj", "{D350B85D-7421-431D-A9B7-4AA4A59F3D19}"
EndProject
Project("{FAE04EC0-301F-11D3-BF4B-00C04F79EFBC}") = "ConfluxApplication", "ConfluxApplication\ConfluxApplication.csproj", "{AE0238E9-520E-4FF4-98C4-39C6F339DC33}"
EndProject
Project("{FAE04EC0-301F-11D3-BF4B-00C04F79EFBC}") = "Conflux.Exports", "Conflux.Exports\Conflux.Exports.csproj", "{A1CB0805-622C-44AB-9FEA-78D949E01EF8}"
EndProject
Project("{FAE04EC0-301F-11D3-BF4B-00C04F79EFBC}") = "ConfluxPDF", "ConfluxPDF\ConfluxPDF.csproj", "{3A8ADC86-8FD4-4302-B358-C938734FEEBE}"
EndProject
Project("{FAE04EC0-301F-11D3-BF4B-00C04F79EFBC}") = "ConfluxDealer.Models.SQLite", "Conflux.Models.SQLite\ConfluxDealer.Models.SQLite.csproj", "{9D2534A2-84D2-4D3F-A412-613183C9D6A6}"
EndProject
Project("{FAE04EC0-301F-11D3-BF4B-00C04F79EFBC}") = "Conflux.Data.SQLite", "Conflux.Data.SQLite\Conflux.Data.SQLite.csproj", "{2792BEF6-987D-4CAD-A928-15CA8168770B}"
EndProject
Global
	GlobalSection(SolutionConfigurationPlatforms) = preSolution
		Debug|Any CPU = Debug|Any CPU
		Release|Any CPU = Release|Any CPU
	EndGlobalSection
	GlobalSection(ProjectConfigurationPlatforms) = postSolution
		{E3E58160-EDAA-44B2-8EA1-4D851AF10967}.Debug|Any CPU.ActiveCfg = Debug|Any CPU
		{E3E58160-EDAA-44B2-8EA1-4D851AF10967}.Debug|Any CPU.Build.0 = Debug|Any CPU
		{E3E58160-EDAA-44B2-8EA1-4D851AF10967}.Release|Any CPU.ActiveCfg = Release|Any CPU
		{E3E58160-EDAA-44B2-8EA1-4D851AF10967}.Release|Any CPU.Build.0 = Release|Any CPU
		{D350B85D-7421-431D-A9B7-4AA4A59F3D19}.Debug|Any CPU.ActiveCfg = Debug|Any CPU
		{D350B85D-7421-431D-A9B7-4AA4A59F3D19}.Debug|Any CPU.Build.0 = Debug|Any CPU
		{D350B85D-7421-431D-A9B7-4AA4A59F3D19}.Release|Any CPU.ActiveCfg = Release|Any CPU
		{D350B85D-7421-431D-A9B7-4AA4A59F3D19}.Release|Any CPU.Build.0 = Release|Any CPU
		{AE0238E9-520E-4FF4-98C4-39C6F339DC33}.Debug|Any CPU.ActiveCfg = Debug|Any CPU
		{AE0238E9-520E-4FF4-98C4-39C6F339DC33}.Debug|Any CPU.Build.0 = Debug|Any CPU
		{AE0238E9-520E-4FF4-98C4-39C6F339DC33}.Release|Any CPU.ActiveCfg = Release|Any CPU
		{AE0238E9-520E-4FF4-98C4-39C6F339DC33}.Release|Any CPU.Build.0 = Release|Any CPU
		{A1CB0805-622C-44AB-9FEA-78D949E01EF8}.Debug|Any CPU.ActiveCfg = Debug|Any CPU
		{A1CB0805-622C-44AB-9FEA-78D949E01EF8}.Debug|Any CPU.Build.0 = Debug|Any CPU
		{A1CB0805-622C-44AB-9FEA-78D949E01EF8}.Release|Any CPU.ActiveCfg = Release|Any CPU
		{A1CB0805-622C-44AB-9FEA-78D949E01EF8}.Release|Any CPU.Build.0 = Release|Any CPU
		{3A8ADC86-8FD4-4302-B358-C938734FEEBE}.Debug|Any CPU.ActiveCfg = Debug|Any CPU
		{3A8ADC86-8FD4-4302-B358-C938734FEEBE}.Debug|Any CPU.Build.0 = Debug|Any CPU
		{3A8ADC86-8FD4-4302-B358-C938734FEEBE}.Release|Any CPU.ActiveCfg = Release|Any CPU
		{3A8ADC86-8FD4-4302-B358-C938734FEEBE}.Release|Any CPU.Build.0 = Release|Any CPU
		{9D2534A2-84D2-4D3F-A412-613183C9D6A6}.Debug|Any CPU.ActiveCfg = Debug|Any CPU
		{9D2534A2-84D2-4D3F-A412-613183C9D6A6}.Debug|Any CPU.Build.0 = Debug|Any CPU
		{9D2534A2-84D2-4D3F-A412-613183C9D6A6}.Release|Any CPU.ActiveCfg = Release|Any CPU
		{9D2534A2-84D2-4D3F-A412-613183C9D6A6}.Release|Any CPU.Build.0 = Release|Any CPU
		{2792BEF6-987D-4CAD-A928-15CA8168770B}.Debug|Any CPU.ActiveCfg = Debug|Any CPU
		{2792BEF6-987D-4CAD-A928-15CA8168770B}.Debug|Any CPU.Build.0 = Debug|Any CPU
		{2792BEF6-987D-4CAD-A928-15CA8168770B}.Release|Any CPU.ActiveCfg = Release|Any CPU
		{2792BEF6-987D-4CAD-A928-15CA8168770B}.Release|Any CPU.Build.0 = Release|Any CPU
	EndGlobalSection
	GlobalSection(SolutionProperties) = preSolution
		HideSolutionNode = FALSE
	EndGlobalSection
EndGlobal
